Microsoft Visual Studio Solution File, Format Version 12.00
# Visual Studio 2012
Project("{2150E333-8FDC-42A3-9474-1A3956D46DE8}") = "Berke.Marcas", "Berke.Marcas", "{79CC8958-712C-4541-9A7B-3AAD26CED994}"
	ProjectSection(SolutionItems) = preProject
		Berke.Marcas\ToDo.txt = Berke.Marcas\ToDo.txt
	EndProjectSection
EndProject
Project("{2150E333-8FDC-42A3-9474-1A3956D46DE8}") = "Backend", "Backend", "{B4AE6A83-9F3A-4DB5-8DE2-BBF8BC2026DA}"
EndProject
Project("{2150E333-8FDC-42A3-9474-1A3956D46DE8}") = "FacadeService", "FacadeService", "{565AC784-0EDC-49D2-B832-9665F82FDE35}"
EndProject
Project("{2150E333-8FDC-42A3-9474-1A3956D46DE8}") = "Doc", "Doc", "{A138E78F-9D42-402D-9DEA-F60BA86F70C8}"
	ProjectSection(SolutionItems) = preProject
		..\Doc\Catalogo.xls = ..\Doc\Catalogo.xls
		..\Doc\Pendientes.xls = ..\Doc\Pendientes.xls
	EndProjectSection
EndProject
Project("{2150E333-8FDC-42A3-9474-1A3956D46DE8}") = "Frontend", "Frontend", "{6AF3F260-D768-431D-B50A-1443AA28D64A}"
EndProject
Project("{2150E333-8FDC-42A3-9474-1A3956D46DE8}") = "Berke.Libs", "Berke.Libs", "{54F58DC8-703E-4568-805C-418A67416A11}"
EndProject
Project("{FAE04EC0-301F-11D3-BF4B-00C04F79EFBC}") = "ecWebControls", "ecWebControls\ecWebControls.csproj", "{9A8E9FC0-7E21-45BA-BE21-BEB8C5157B50}"
EndProject
Project("{FAE04EC0-301F-11D3-BF4B-00C04F79EFBC}") = "Berke.Marcas.ServiceAgents", "Berke.Marcas\Berke.Marcas.ServiceAgents\Berke.Marcas.ServiceAgents.csproj", "{4C8DB519-5896-48C0-AA47-DC8F2A7620B2}"
EndProject
Project("{FAE04EC0-301F-11D3-BF4B-00C04F79EFBC}") = "Berke.Marcas.Dalc", "Berke.Marcas\Berke.Marcas.Dalc\Berke.Marcas.Dalc.csproj", "{2BC5983E-DE20-49E0-88F4-0BBFB32A91C9}"
EndProject
Project("{FAE04EC0-301F-11D3-BF4B-00C04F79EFBC}") = "Berke.Marcas.BizDocuments", "Berke.Marcas\Berke.Marcas.BizDocuments\Berke.Marcas.BizDocuments.csproj", "{40C725D1-CD89-4347-97EF-DB9A97D6BF54}"
EndProject
Project("{FAE04EC0-301F-11D3-BF4B-00C04F79EFBC}") = "Berke.Marcas.BizActions", "Berke.Marcas\Berke.Marcas.BizActions\Berke.Marcas.BizActions.csproj", "{B7A963D9-BB0C-4EB3-A700-945B03FCC4D0}"
	ProjectSection(ProjectDependencies) = postProject
		{99B88982-1CA3-4824-9F90-7897572CB356} = {99B88982-1CA3-4824-9F90-7897572CB356}
		{93941EFA-C231-4F3F-B883-73EC771AEE4B} = {93941EFA-C231-4F3F-B883-73EC771AEE4B}
	EndProjectSection
EndProject
Project("{FAE04EC0-301F-11D3-BF4B-00C04F79EFBC}") = "Berke.Marcas.UIProcess", "Berke.Marcas\Berke.Marcas.UIProcess\Berke.Marcas.UIProcess.csproj", "{99B88982-1CA3-4824-9F90-7897572CB356}"
	ProjectSection(ProjectDependencies) = postProject
		{C7558DAE-8268-4B38-846E-E05E378BB566} = {C7558DAE-8268-4B38-846E-E05E378BB566}
		{E1E46ECB-C8AA-4157-9DE4-3A677014FA54} = {E1E46ECB-C8AA-4157-9DE4-3A677014FA54}
		{40C725D1-CD89-4347-97EF-DB9A97D6BF54} = {40C725D1-CD89-4347-97EF-DB9A97D6BF54}
		{93941EFA-C231-4F3F-B883-73EC771AEE4B} = {93941EFA-C231-4F3F-B883-73EC771AEE4B}
	EndProjectSection
EndProject
Project("{FAE04EC0-301F-11D3-BF4B-00C04F79EFBC}") = "Berke.Libs.WebBase", "..\..\Berke.Libs\Berke.Libs.WebBase\Berke.Libs.WebBase.csproj", "{93941EFA-C231-4F3F-B883-73EC771AEE4B}"
	ProjectSection(ProjectDependencies) = postProject
		{E1E46ECB-C8AA-4157-9DE4-3A677014FA54} = {E1E46ECB-C8AA-4157-9DE4-3A677014FA54}
	EndProjectSection
EndProject
Project("{FAE04EC0-301F-11D3-BF4B-00C04F79EFBC}") = "Berke.Libs.Boletin", "..\..\Berke.Libs\Berke.Libs.Boletin\Berke.Libs.Boletin.csproj", "{939C9191-0F94-4A1A-9503-7394AB474F5E}"
EndProject
Project("{FAE04EC0-301F-11D3-BF4B-00C04F79EFBC}") = "Berke.Libs.Base", "..\..\Berke.Libs\Berke.Libs.Base\Berke.Libs.Base.csproj", "{E1E46ECB-C8AA-4157-9DE4-3A677014FA54}"
EndProject
Project("{FAE04EC0-301F-11D3-BF4B-00C04F79EFBC}") = "Berke.Libs.Gateway", "..\..\Berke.Libs\Berke.Libs.Gateway\Berke.Libs.Gateway.csproj", "{C7558DAE-8268-4B38-846E-E05E378BB566}"
EndProject
Project("{E24C65DC-7377-472B-9ABA-BC803B73C61A}") = "Berke.Marcas.WebUI", "Berke.Marcas\Berke.Marcas.WebUI", "{5FA12797-3F77-46A5-99AB-E3BA0252ADEE}"
	ProjectSection(WebsiteProperties) = preProject
		SccProjectName = "SAK"
		SccAuxPath = "SAK"
		SccLocalPath = "SAK"
		SccProvider = "SAK"
		TargetFrameworkMoniker = ".NETFramework,Version%3Dv4.0"
		ProjectReferences = "{e1e46ecb-c8aa-4157-9de4-3a677014fa54}|Berke.Libs.Base.dll;{939c9191-0f94-4a1a-9503-7394ab474f5e}|Berke.Libs.Boletin.dll;{c7558dae-8268-4b38-846e-e05e378bb566}|Berke.Libs.Gateway.dll;{93941efa-c231-4f3f-b883-73ec771aee4b}|Berke.Libs.WebBase.dll;{b7a963d9-bb0c-4eb3-a700-945b03fcc4d0}|Berke.Marcas.BizActions.dll;{40C725D1-CD89-4347-97EF-DB9A97D6BF54}|Berke.Marcas.BizDocuments.dll;{2BC5983E-DE20-49E0-88F4-0BBFB32A91C9}|Berke.Marcas.Dalc.dll;{9a8e9fc0-7e21-45ba-be21-beb8c5157b50}|ecWebControls.dll;"
		Debug.AspNetCompiler.VirtualPath = "/Berke.Marcas.WebUI"
		Debug.AspNetCompiler.PhysicalPath = "Berke.Marcas\Berke.Marcas.WebUI\"
		Debug.AspNetCompiler.TargetPath = "PrecompiledWeb\Berke.Marcas.WebUI\"
		Debug.AspNetCompiler.Updateable = "true"
		Debug.AspNetCompiler.ForceOverwrite = "true"
		Debug.AspNetCompiler.FixedNames = "false"
		Debug.AspNetCompiler.Debug = "True"
		Release.AspNetCompiler.VirtualPath = "/Berke.Marcas.WebUI"
		Release.AspNetCompiler.PhysicalPath = "Berke.Marcas\Berke.Marcas.WebUI\"
		Release.AspNetCompiler.TargetPath = "PrecompiledWeb\Berke.Marcas.WebUI\"
		Release.AspNetCompiler.Updateable = "true"
		Release.AspNetCompiler.ForceOverwrite = "true"
		Release.AspNetCompiler.FixedNames = "false"
		Release.AspNetCompiler.Debug = "False"
		VWDPort = "57216"
	EndProjectSection
EndProject
Global
	GlobalSection(TeamFoundationVersionControl) = preSolution
		SccNumberOfProjects = 12
		SccEnterpriseProvider = {4CA58AB2-18FA-4F8D-95D4-32DDF27D184C}
		SccTeamFoundationServer = https://gmsoft.visualstudio.com/
		SccLocalPath0 = .
		SccProjectUniqueName1 = ..\\..\\Berke.Libs\\Berke.Libs.Base\\Berke.Libs.Base.csproj
		SccProjectTopLevelParentUniqueName1 = Berke.Marcas.sln
		SccProjectName1 = Berke.Libs.Base
		SccLocalPath1 = ..\\..\\Berke.Libs\\Berke.Libs.Base
		SccProjectUniqueName2 = ..\\..\\Berke.Libs\\Berke.Libs.Boletin\\Berke.Libs.Boletin.csproj
		SccProjectTopLevelParentUniqueName2 = Berke.Marcas.sln
		SccProjectName2 = Berke.Libs.Boletin
		SccLocalPath2 = ..\\..\\Berke.Libs\\Berke.Libs.Boletin
		SccProjectUniqueName3 = ..\\..\\Berke.Libs\\Berke.Libs.Gateway\\Berke.Libs.Gateway.csproj
		SccProjectTopLevelParentUniqueName3 = Berke.Marcas.sln
		SccProjectName3 = Berke.Libs.Gateway
		SccLocalPath3 = ..\\..\\Berke.Libs\\Berke.Libs.Gateway
		SccProjectUniqueName4 = ..\\..\\Berke.Libs\\Berke.Libs.WebBase\\Berke.Libs.WebBase.csproj
		SccProjectTopLevelParentUniqueName4 = Berke.Marcas.sln
		SccProjectName4 = Berke.Libs.WebBase
		SccLocalPath4 = ..\\..\\Berke.Libs\\Berke.Libs.WebBase
		SccProjectUniqueName5 = Berke.Marcas\\Berke.Marcas.BizActions\\Berke.Marcas.BizActions.csproj
		SccProjectTopLevelParentUniqueName5 = Berke.Marcas.sln
		SccProjectName5 = Berke.Marcas/Berke.Marcas.BizActions
		SccLocalPath5 = Berke.Marcas\\Berke.Marcas.BizActions
		SccProjectUniqueName6 = Berke.Marcas\\Berke.Marcas.BizDocuments\\Berke.Marcas.BizDocuments.csproj
		SccProjectTopLevelParentUniqueName6 = Berke.Marcas.sln
		SccProjectName6 = Berke.Marcas/Berke.Marcas.BizDocuments
		SccLocalPath6 = Berke.Marcas\\Berke.Marcas.BizDocuments
		SccProjectUniqueName7 = Berke.Marcas\\Berke.Marcas.Dalc\\Berke.Marcas.Dalc.csproj
		SccProjectTopLevelParentUniqueName7 = Berke.Marcas.sln
		SccProjectName7 = Berke.Marcas/Berke.Marcas.Dalc
		SccLocalPath7 = Berke.Marcas\\Berke.Marcas.Dalc
		SccProjectUniqueName8 = Berke.Marcas\\Berke.Marcas.ServiceAgents\\Berke.Marcas.ServiceAgents.csproj
		SccProjectTopLevelParentUniqueName8 = Berke.Marcas.sln
		SccProjectName8 = Berke.Marcas/Berke.Marcas.ServiceAgents
		SccLocalPath8 = Berke.Marcas\\Berke.Marcas.ServiceAgents
		SccProjectUniqueName9 = Berke.Marcas\\Berke.Marcas.UIProcess\\Berke.Marcas.UIProcess.csproj
		SccProjectTopLevelParentUniqueName9 = Berke.Marcas.sln
		SccProjectName9 = Berke.Marcas/Berke.Marcas.UIProcess
		SccLocalPath9 = Berke.Marcas\\Berke.Marcas.UIProcess
		SccWebProject10 = true
		SccProjectUniqueName10 = Berke.Marcas\\Berke.Marcas.WebUI
		SccProjectTopLevelParentUniqueName10 = Berke.Marcas.sln
		SccProjectName10 = Berke.Marcas/Berke.Marcas.WebUI
		SccLocalPath10 = Berke.Marcas\\Berke.Marcas.WebUI
		SccProjectEnlistmentChoice10 = 2
		SccProjectUniqueName11 = ecWebControls\\ecWebControls.csproj
		SccProjectName11 = ecWebControls
		SccLocalPath11 = ecWebControls
	EndGlobalSection
	GlobalSection(SolutionConfigurationPlatforms) = preSolution
		Debug|.NET = Debug|.NET
		Debug|Any CPU = Debug|Any CPU
		Debug|Mixed Platforms = Debug|Mixed Platforms
		DebugLocal|.NET = DebugLocal|.NET
		DebugLocal|Any CPU = DebugLocal|Any CPU
		DebugLocal|Mixed Platforms = DebugLocal|Mixed Platforms
		Production|.NET = Production|.NET
		Production|Any CPU = Production|Any CPU
		Production|Mixed Platforms = Production|Mixed Platforms
		Release|.NET = Release|.NET
		Release|Any CPU = Release|Any CPU
		Release|Mixed Platforms = Release|Mixed Platforms
	EndGlobalSection
	GlobalSection(ProjectConfigurationPlatforms) = postSolution
		{9A8E9FC0-7E21-45BA-BE21-BEB8C5157B50}.Debug|.NET.ActiveCfg = Debug|Any CPU
		{9A8E9FC0-7E21-45BA-BE21-BEB8C5157B50}.Debug|.NET.Build.0 = Debug|Any CPU
		{9A8E9FC0-7E21-45BA-BE21-BEB8C5157B50}.Debug|Any CPU.ActiveCfg = Debug|Any CPU
		{9A8E9FC0-7E21-45BA-BE21-BEB8C5157B50}.Debug|Any CPU.Build.0 = Debug|Any CPU
		{9A8E9FC0-7E21-45BA-BE21-BEB8C5157B50}.Debug|Mixed Platforms.ActiveCfg = Debug|Any CPU
		{9A8E9FC0-7E21-45BA-BE21-BEB8C5157B50}.Debug|Mixed Platforms.Build.0 = Debug|Any CPU
		{9A8E9FC0-7E21-45BA-BE21-BEB8C5157B50}.DebugLocal|.NET.ActiveCfg = Debug|Any CPU
		{9A8E9FC0-7E21-45BA-BE21-BEB8C5157B50}.DebugLocal|Any CPU.ActiveCfg = Debug|Any CPU
		{9A8E9FC0-7E21-45BA-BE21-BEB8C5157B50}.DebugLocal|Any CPU.Build.0 = Debug|Any CPU
		{9A8E9FC0-7E21-45BA-BE21-BEB8C5157B50}.DebugLocal|Mixed Platforms.ActiveCfg = Debug|Any CPU
		{9A8E9FC0-7E21-45BA-BE21-BEB8C5157B50}.DebugLocal|Mixed Platforms.Build.0 = Debug|Any CPU
		{9A8E9FC0-7E21-45BA-BE21-BEB8C5157B50}.Production|.NET.ActiveCfg = Release|Any CPU
		{9A8E9FC0-7E21-45BA-BE21-BEB8C5157B50}.Production|Any CPU.ActiveCfg = Release|Any CPU
		{9A8E9FC0-7E21-45BA-BE21-BEB8C5157B50}.Production|Any CPU.Build.0 = Release|Any CPU
		{9A8E9FC0-7E21-45BA-BE21-BEB8C5157B50}.Production|Mixed Platforms.ActiveCfg = Release|Any CPU
		{9A8E9FC0-7E21-45BA-BE21-BEB8C5157B50}.Production|Mixed Platforms.Build.0 = Release|Any CPU
		{9A8E9FC0-7E21-45BA-BE21-BEB8C5157B50}.Release|.NET.ActiveCfg = Release|Any CPU
		{9A8E9FC0-7E21-45BA-BE21-BEB8C5157B50}.Release|Any CPU.ActiveCfg = Release|Any CPU
		{9A8E9FC0-7E21-45BA-BE21-BEB8C5157B50}.Release|Any CPU.Build.0 = Release|Any CPU
		{9A8E9FC0-7E21-45BA-BE21-BEB8C5157B50}.Release|Mixed Platforms.ActiveCfg = Release|Any CPU
		{9A8E9FC0-7E21-45BA-BE21-BEB8C5157B50}.Release|Mixed Platforms.Build.0 = Release|Any CPU
		{4C8DB519-5896-48C0-AA47-DC8F2A7620B2}.Debug|.NET.ActiveCfg = Debug|Any CPU
		{4C8DB519-5896-48C0-AA47-DC8F2A7620B2}.Debug|.NET.Build.0 = Debug|Any CPU
		{4C8DB519-5896-48C0-AA47-DC8F2A7620B2}.Debug|Any CPU.ActiveCfg = Debug|Any CPU
		{4C8DB519-5896-48C0-AA47-DC8F2A7620B2}.Debug|Any CPU.Build.0 = Debug|Any CPU
		{4C8DB519-5896-48C0-AA47-DC8F2A7620B2}.Debug|Mixed Platforms.ActiveCfg = Debug|Any CPU
		{4C8DB519-5896-48C0-AA47-DC8F2A7620B2}.Debug|Mixed Platforms.Build.0 = Debug|Any CPU
		{4C8DB519-5896-48C0-AA47-DC8F2A7620B2}.DebugLocal|.NET.ActiveCfg = Debug|Any CPU
		{4C8DB519-5896-48C0-AA47-DC8F2A7620B2}.DebugLocal|Any CPU.ActiveCfg = Debug|Any CPU
		{4C8DB519-5896-48C0-AA47-DC8F2A7620B2}.DebugLocal|Any CPU.Build.0 = Debug|Any CPU
		{4C8DB519-5896-48C0-AA47-DC8F2A7620B2}.DebugLocal|Mixed Platforms.ActiveCfg = Debug|Any CPU
		{4C8DB519-5896-48C0-AA47-DC8F2A7620B2}.DebugLocal|Mixed Platforms.Build.0 = Debug|Any CPU
		{4C8DB519-5896-48C0-AA47-DC8F2A7620B2}.Production|.NET.ActiveCfg = Release|Any CPU
		{4C8DB519-5896-48C0-AA47-DC8F2A7620B2}.Production|Any CPU.ActiveCfg = Release|Any CPU
		{4C8DB519-5896-48C0-AA47-DC8F2A7620B2}.Production|Any CPU.Build.0 = Release|Any CPU
		{4C8DB519-5896-48C0-AA47-DC8F2A7620B2}.Production|Mixed Platforms.ActiveCfg = Release|Any CPU
		{4C8DB519-5896-48C0-AA47-DC8F2A7620B2}.Production|Mixed Platforms.Build.0 = Release|Any CPU
		{4C8DB519-5896-48C0-AA47-DC8F2A7620B2}.Release|.NET.ActiveCfg = Release|Any CPU
		{4C8DB519-5896-48C0-AA47-DC8F2A7620B2}.Release|Any CPU.ActiveCfg = Release|Any CPU
		{4C8DB519-5896-48C0-AA47-DC8F2A7620B2}.Release|Any CPU.Build.0 = Release|Any CPU
		{4C8DB519-5896-48C0-AA47-DC8F2A7620B2}.Release|Mixed Platforms.ActiveCfg = Release|Any CPU
		{4C8DB519-5896-48C0-AA47-DC8F2A7620B2}.Release|Mixed Platforms.Build.0 = Release|Any CPU
		{2BC5983E-DE20-49E0-88F4-0BBFB32A91C9}.Debug|.NET.ActiveCfg = Debug|Any CPU
		{2BC5983E-DE20-49E0-88F4-0BBFB32A91C9}.Debug|.NET.Build.0 = Debug|Any CPU
		{2BC5983E-DE20-49E0-88F4-0BBFB32A91C9}.Debug|Any CPU.ActiveCfg = Debug|Any CPU
		{2BC5983E-DE20-49E0-88F4-0BBFB32A91C9}.Debug|Any CPU.Build.0 = Debug|Any CPU
		{2BC5983E-DE20-49E0-88F4-0BBFB32A91C9}.Debug|Mixed Platforms.ActiveCfg = Debug|Any CPU
		{2BC5983E-DE20-49E0-88F4-0BBFB32A91C9}.Debug|Mixed Platforms.Build.0 = Debug|Any CPU
		{2BC5983E-DE20-49E0-88F4-0BBFB32A91C9}.DebugLocal|.NET.ActiveCfg = Debug|Any CPU
		{2BC5983E-DE20-49E0-88F4-0BBFB32A91C9}.DebugLocal|Any CPU.ActiveCfg = Debug|Any CPU
		{2BC5983E-DE20-49E0-88F4-0BBFB32A91C9}.DebugLocal|Any CPU.Build.0 = Debug|Any CPU
		{2BC5983E-DE20-49E0-88F4-0BBFB32A91C9}.DebugLocal|Mixed Platforms.ActiveCfg = Debug|Any CPU
		{2BC5983E-DE20-49E0-88F4-0BBFB32A91C9}.DebugLocal|Mixed Platforms.Build.0 = Debug|Any CPU
		{2BC5983E-DE20-49E0-88F4-0BBFB32A91C9}.Production|.NET.ActiveCfg = Release|Any CPU
		{2BC5983E-DE20-49E0-88F4-0BBFB32A91C9}.Production|Any CPU.ActiveCfg = Release|Any CPU
		{2BC5983E-DE20-49E0-88F4-0BBFB32A91C9}.Production|Any CPU.Build.0 = Release|Any CPU
		{2BC5983E-DE20-49E0-88F4-0BBFB32A91C9}.Production|Mixed Platforms.ActiveCfg = Release|Any CPU
		{2BC5983E-DE20-49E0-88F4-0BBFB32A91C9}.Production|Mixed Platforms.Build.0 = Release|Any CPU
		{2BC5983E-DE20-49E0-88F4-0BBFB32A91C9}.Release|.NET.ActiveCfg = Release|Any CPU
		{2BC5983E-DE20-49E0-88F4-0BBFB32A91C9}.Release|Any CPU.ActiveCfg = Release|Any CPU
		{2BC5983E-DE20-49E0-88F4-0BBFB32A91C9}.Release|Any CPU.Build.0 = Release|Any CPU
		{2BC5983E-DE20-49E0-88F4-0BBFB32A91C9}.Release|Mixed Platforms.ActiveCfg = Release|Any CPU
		{2BC5983E-DE20-49E0-88F4-0BBFB32A91C9}.Release|Mixed Platforms.Build.0 = Release|Any CPU
		{40C725D1-CD89-4347-97EF-DB9A97D6BF54}.Debug|.NET.ActiveCfg = Debug|Any CPU
		{40C725D1-CD89-4347-97EF-DB9A97D6BF54}.Debug|.NET.Build.0 = Debug|Any CPU
		{40C725D1-CD89-4347-97EF-DB9A97D6BF54}.Debug|Any CPU.ActiveCfg = Debug|Any CPU
		{40C725D1-CD89-4347-97EF-DB9A97D6BF54}.Debug|Any CPU.Build.0 = Debug|Any CPU
		{40C725D1-CD89-4347-97EF-DB9A97D6BF54}.Debug|Mixed Platforms.ActiveCfg = Debug|Any CPU
		{40C725D1-CD89-4347-97EF-DB9A97D6BF54}.Debug|Mixed Platforms.Build.0 = Debug|Any CPU
		{40C725D1-CD89-4347-97EF-DB9A97D6BF54}.DebugLocal|.NET.ActiveCfg = Debug|Any CPU
		{40C725D1-CD89-4347-97EF-DB9A97D6BF54}.DebugLocal|Any CPU.ActiveCfg = Debug|Any CPU
		{40C725D1-CD89-4347-97EF-DB9A97D6BF54}.DebugLocal|Any CPU.Build.0 = Debug|Any CPU
		{40C725D1-CD89-4347-97EF-DB9A97D6BF54}.DebugLocal|Mixed Platforms.ActiveCfg = Debug|Any CPU
		{40C725D1-CD89-4347-97EF-DB9A97D6BF54}.DebugLocal|Mixed Platforms.Build.0 = Debug|Any CPU
		{40C725D1-CD89-4347-97EF-DB9A97D6BF54}.Production|.NET.ActiveCfg = Release|Any CPU
		{40C725D1-CD89-4347-97EF-DB9A97D6BF54}.Production|Any CPU.ActiveCfg = Release|Any CPU
		{40C725D1-CD89-4347-97EF-DB9A97D6BF54}.Production|Any CPU.Build.0 = Release|Any CPU
		{40C725D1-CD89-4347-97EF-DB9A97D6BF54}.Production|Mixed Platforms.ActiveCfg = Release|Any CPU
		{40C725D1-CD89-4347-97EF-DB9A97D6BF54}.Production|Mixed Platforms.Build.0 = Release|Any CPU
		{40C725D1-CD89-4347-97EF-DB9A97D6BF54}.Release|.NET.ActiveCfg = Release|Any CPU
		{40C725D1-CD89-4347-97EF-DB9A97D6BF54}.Release|Any CPU.ActiveCfg = Release|Any CPU
		{40C725D1-CD89-4347-97EF-DB9A97D6BF54}.Release|Any CPU.Build.0 = Release|Any CPU
		{40C725D1-CD89-4347-97EF-DB9A97D6BF54}.Release|Mixed Platforms.ActiveCfg = Release|Any CPU
		{40C725D1-CD89-4347-97EF-DB9A97D6BF54}.Release|Mixed Platforms.Build.0 = Release|Any CPU
		{B7A963D9-BB0C-4EB3-A700-945B03FCC4D0}.Debug|.NET.ActiveCfg = Debug|Any CPU
		{B7A963D9-BB0C-4EB3-A700-945B03FCC4D0}.Debug|.NET.Build.0 = Debug|Any CPU
		{B7A963D9-BB0C-4EB3-A700-945B03FCC4D0}.Debug|Any CPU.ActiveCfg = Debug|Any CPU
		{B7A963D9-BB0C-4EB3-A700-945B03FCC4D0}.Debug|Any CPU.Build.0 = Debug|Any CPU
		{B7A963D9-BB0C-4EB3-A700-945B03FCC4D0}.Debug|Mixed Platforms.ActiveCfg = Debug|Any CPU
		{B7A963D9-BB0C-4EB3-A700-945B03FCC4D0}.Debug|Mixed Platforms.Build.0 = Debug|Any CPU
		{B7A963D9-BB0C-4EB3-A700-945B03FCC4D0}.DebugLocal|.NET.ActiveCfg = Debug|Any CPU
		{B7A963D9-BB0C-4EB3-A700-945B03FCC4D0}.DebugLocal|Any CPU.ActiveCfg = Debug|Any CPU
		{B7A963D9-BB0C-4EB3-A700-945B03FCC4D0}.DebugLocal|Any CPU.Build.0 = Debug|Any CPU
		{B7A963D9-BB0C-4EB3-A700-945B03FCC4D0}.DebugLocal|Mixed Platforms.ActiveCfg = Debug|Any CPU
		{B7A963D9-BB0C-4EB3-A700-945B03FCC4D0}.DebugLocal|Mixed Platforms.Build.0 = Debug|Any CPU
		{B7A963D9-BB0C-4EB3-A700-945B03FCC4D0}.Production|.NET.ActiveCfg = Release|Any CPU
		{B7A963D9-BB0C-4EB3-A700-945B03FCC4D0}.Production|Any CPU.ActiveCfg = Release|Any CPU
		{B7A963D9-BB0C-4EB3-A700-945B03FCC4D0}.Production|Any CPU.Build.0 = Release|Any CPU
		{B7A963D9-BB0C-4EB3-A700-945B03FCC4D0}.Production|Mixed Platforms.ActiveCfg = Release|Any CPU
		{B7A963D9-BB0C-4EB3-A700-945B03FCC4D0}.Production|Mixed Platforms.Build.0 = Release|Any CPU
		{B7A963D9-BB0C-4EB3-A700-945B03FCC4D0}.Release|.NET.ActiveCfg = Release|Any CPU
		{B7A963D9-BB0C-4EB3-A700-945B03FCC4D0}.Release|Any CPU.ActiveCfg = Release|Any CPU
		{B7A963D9-BB0C-4EB3-A700-945B03FCC4D0}.Release|Any CPU.Build.0 = Release|Any CPU
		{B7A963D9-BB0C-4EB3-A700-945B03FCC4D0}.Release|Mixed Platforms.ActiveCfg = Release|Any CPU
		{B7A963D9-BB0C-4EB3-A700-945B03FCC4D0}.Release|Mixed Platforms.Build.0 = Release|Any CPU
		{99B88982-1CA3-4824-9F90-7897572CB356}.Debug|.NET.ActiveCfg = Debug|Any CPU
		{99B88982-1CA3-4824-9F90-7897572CB356}.Debug|.NET.Build.0 = Debug|Any CPU
		{99B88982-1CA3-4824-9F90-7897572CB356}.Debug|Any CPU.ActiveCfg = Debug|Any CPU
		{99B88982-1CA3-4824-9F90-7897572CB356}.Debug|Any CPU.Build.0 = Debug|Any CPU
		{99B88982-1CA3-4824-9F90-7897572CB356}.Debug|Mixed Platforms.ActiveCfg = Debug|Any CPU
		{99B88982-1CA3-4824-9F90-7897572CB356}.Debug|Mixed Platforms.Build.0 = Debug|Any CPU
		{99B88982-1CA3-4824-9F90-7897572CB356}.DebugLocal|.NET.ActiveCfg = Debug|Any CPU
		{99B88982-1CA3-4824-9F90-7897572CB356}.DebugLocal|Any CPU.ActiveCfg = Debug|Any CPU
		{99B88982-1CA3-4824-9F90-7897572CB356}.DebugLocal|Any CPU.Build.0 = Debug|Any CPU
		{99B88982-1CA3-4824-9F90-7897572CB356}.DebugLocal|Mixed Platforms.ActiveCfg = Debug|Any CPU
		{99B88982-1CA3-4824-9F90-7897572CB356}.DebugLocal|Mixed Platforms.Build.0 = Debug|Any CPU
		{99B88982-1CA3-4824-9F90-7897572CB356}.Production|.NET.ActiveCfg = Release|Any CPU
		{99B88982-1CA3-4824-9F90-7897572CB356}.Production|Any CPU.ActiveCfg = Release|Any CPU
		{99B88982-1CA3-4824-9F90-7897572CB356}.Production|Any CPU.Build.0 = Release|Any CPU
		{99B88982-1CA3-4824-9F90-7897572CB356}.Production|Mixed Platforms.ActiveCfg = Release|Any CPU
		{99B88982-1CA3-4824-9F90-7897572CB356}.Production|Mixed Platforms.Build.0 = Release|Any CPU
		{99B88982-1CA3-4824-9F90-7897572CB356}.Release|.NET.ActiveCfg = Release|Any CPU
		{99B88982-1CA3-4824-9F90-7897572CB356}.Release|Any CPU.ActiveCfg = Release|Any CPU
		{99B88982-1CA3-4824-9F90-7897572CB356}.Release|Any CPU.Build.0 = Release|Any CPU
		{99B88982-1CA3-4824-9F90-7897572CB356}.Release|Mixed Platforms.ActiveCfg = Release|Any CPU
		{99B88982-1CA3-4824-9F90-7897572CB356}.Release|Mixed Platforms.Build.0 = Release|Any CPU
		{93941EFA-C231-4F3F-B883-73EC771AEE4B}.Debug|.NET.ActiveCfg = Debug|Any CPU
		{93941EFA-C231-4F3F-B883-73EC771AEE4B}.Debug|.NET.Build.0 = Debug|Any CPU
		{93941EFA-C231-4F3F-B883-73EC771AEE4B}.Debug|Any CPU.ActiveCfg = Debug|Any CPU
		{93941EFA-C231-4F3F-B883-73EC771AEE4B}.Debug|Any CPU.Build.0 = Debug|Any CPU
		{93941EFA-C231-4F3F-B883-73EC771AEE4B}.Debug|Mixed Platforms.ActiveCfg = Debug|Any CPU
		{93941EFA-C231-4F3F-B883-73EC771AEE4B}.Debug|Mixed Platforms.Build.0 = Debug|Any CPU
		{93941EFA-C231-4F3F-B883-73EC771AEE4B}.DebugLocal|.NET.ActiveCfg = Debug|Any CPU
		{93941EFA-C231-4F3F-B883-73EC771AEE4B}.DebugLocal|Any CPU.ActiveCfg = Debug|Any CPU
		{93941EFA-C231-4F3F-B883-73EC771AEE4B}.DebugLocal|Any CPU.Build.0 = Debug|Any CPU
		{93941EFA-C231-4F3F-B883-73EC771AEE4B}.DebugLocal|Mixed Platforms.ActiveCfg = Debug|Any CPU
		{93941EFA-C231-4F3F-B883-73EC771AEE4B}.DebugLocal|Mixed Platforms.Build.0 = Debug|Any CPU
		{93941EFA-C231-4F3F-B883-73EC771AEE4B}.Production|.NET.ActiveCfg = Release|Any CPU
		{93941EFA-C231-4F3F-B883-73EC771AEE4B}.Production|Any CPU.ActiveCfg = Release|Any CPU
		{93941EFA-C231-4F3F-B883-73EC771AEE4B}.Production|Any CPU.Build.0 = Release|Any CPU
		{93941EFA-C231-4F3F-B883-73EC771AEE4B}.Production|Mixed Platforms.ActiveCfg = Release|Any CPU
		{93941EFA-C231-4F3F-B883-73EC771AEE4B}.Production|Mixed Platforms.Build.0 = Release|Any CPU
		{93941EFA-C231-4F3F-B883-73EC771AEE4B}.Release|.NET.ActiveCfg = Release|Any CPU
		{93941EFA-C231-4F3F-B883-73EC771AEE4B}.Release|Any CPU.ActiveCfg = Release|Any CPU
		{93941EFA-C231-4F3F-B883-73EC771AEE4B}.Release|Any CPU.Build.0 = Release|Any CPU
		{93941EFA-C231-4F3F-B883-73EC771AEE4B}.Release|Mixed Platforms.ActiveCfg = Release|Any CPU
		{93941EFA-C231-4F3F-B883-73EC771AEE4B}.Release|Mixed Platforms.Build.0 = Release|Any CPU
		{939C9191-0F94-4A1A-9503-7394AB474F5E}.Debug|.NET.ActiveCfg = Debug|Any CPU
		{939C9191-0F94-4A1A-9503-7394AB474F5E}.Debug|.NET.Build.0 = Debug|Any CPU
		{939C9191-0F94-4A1A-9503-7394AB474F5E}.Debug|Any CPU.ActiveCfg = Debug|Any CPU
		{939C9191-0F94-4A1A-9503-7394AB474F5E}.Debug|Any CPU.Build.0 = Debug|Any CPU
		{939C9191-0F94-4A1A-9503-7394AB474F5E}.Debug|Mixed Platforms.ActiveCfg = Debug|Any CPU
		{939C9191-0F94-4A1A-9503-7394AB474F5E}.Debug|Mixed Platforms.Build.0 = Debug|Any CPU
		{939C9191-0F94-4A1A-9503-7394AB474F5E}.DebugLocal|.NET.ActiveCfg = Debug|Any CPU
		{939C9191-0F94-4A1A-9503-7394AB474F5E}.DebugLocal|Any CPU.ActiveCfg = Debug|Any CPU
		{939C9191-0F94-4A1A-9503-7394AB474F5E}.DebugLocal|Any CPU.Build.0 = Debug|Any CPU
		{939C9191-0F94-4A1A-9503-7394AB474F5E}.DebugLocal|Mixed Platforms.ActiveCfg = Debug|Any CPU
		{939C9191-0F94-4A1A-9503-7394AB474F5E}.DebugLocal|Mixed Platforms.Build.0 = Debug|Any CPU
		{939C9191-0F94-4A1A-9503-7394AB474F5E}.Production|.NET.ActiveCfg = Release|Any CPU
		{939C9191-0F94-4A1A-9503-7394AB474F5E}.Production|Any CPU.ActiveCfg = Release|Any CPU
		{939C9191-0F94-4A1A-9503-7394AB474F5E}.Production|Any CPU.Build.0 = Release|Any CPU
		{939C9191-0F94-4A1A-9503-7394AB474F5E}.Production|Mixed Platforms.ActiveCfg = Release|Any CPU
		{939C9191-0F94-4A1A-9503-7394AB474F5E}.Production|Mixed Platforms.Build.0 = Release|Any CPU
		{939C9191-0F94-4A1A-9503-7394AB474F5E}.Release|.NET.ActiveCfg = Release|Any CPU
		{939C9191-0F94-4A1A-9503-7394AB474F5E}.Release|Any CPU.ActiveCfg = Release|Any CPU
		{939C9191-0F94-4A1A-9503-7394AB474F5E}.Release|Any CPU.Build.0 = Release|Any CPU
		{939C9191-0F94-4A1A-9503-7394AB474F5E}.Release|Mixed Platforms.ActiveCfg = Release|Any CPU
		{939C9191-0F94-4A1A-9503-7394AB474F5E}.Release|Mixed Platforms.Build.0 = Release|Any CPU
		{E1E46ECB-C8AA-4157-9DE4-3A677014FA54}.Debug|.NET.ActiveCfg = Debug|Any CPU
		{E1E46ECB-C8AA-4157-9DE4-3A677014FA54}.Debug|.NET.Build.0 = Debug|Any CPU
		{E1E46ECB-C8AA-4157-9DE4-3A677014FA54}.Debug|Any CPU.ActiveCfg = Debug|Any CPU
		{E1E46ECB-C8AA-4157-9DE4-3A677014FA54}.Debug|Any CPU.Build.0 = Debug|Any CPU
		{E1E46ECB-C8AA-4157-9DE4-3A677014FA54}.Debug|Mixed Platforms.ActiveCfg = Debug|Any CPU
		{E1E46ECB-C8AA-4157-9DE4-3A677014FA54}.Debug|Mixed Platforms.Build.0 = Debug|Any CPU
		{E1E46ECB-C8AA-4157-9DE4-3A677014FA54}.DebugLocal|.NET.ActiveCfg = Debug|Any CPU
		{E1E46ECB-C8AA-4157-9DE4-3A677014FA54}.DebugLocal|Any CPU.ActiveCfg = Debug|Any CPU
		{E1E46ECB-C8AA-4157-9DE4-3A677014FA54}.DebugLocal|Any CPU.Build.0 = Debug|Any CPU
		{E1E46ECB-C8AA-4157-9DE4-3A677014FA54}.DebugLocal|Mixed Platforms.ActiveCfg = Debug|Any CPU
		{E1E46ECB-C8AA-4157-9DE4-3A677014FA54}.DebugLocal|Mixed Platforms.Build.0 = Debug|Any CPU
		{E1E46ECB-C8AA-4157-9DE4-3A677014FA54}.Production|.NET.ActiveCfg = Release|Any CPU
		{E1E46ECB-C8AA-4157-9DE4-3A677014FA54}.Production|Any CPU.ActiveCfg = Release|Any CPU
		{E1E46ECB-C8AA-4157-9DE4-3A677014FA54}.Production|Any CPU.Build.0 = Release|Any CPU
		{E1E46ECB-C8AA-4157-9DE4-3A677014FA54}.Production|Mixed Platforms.ActiveCfg = Release|Any CPU
		{E1E46ECB-C8AA-4157-9DE4-3A677014FA54}.Production|Mixed Platforms.Build.0 = Release|Any CPU
		{E1E46ECB-C8AA-4157-9DE4-3A677014FA54}.Release|.NET.ActiveCfg = Release|Any CPU
		{E1E46ECB-C8AA-4157-9DE4-3A677014FA54}.Release|Any CPU.ActiveCfg = Release|Any CPU
		{E1E46ECB-C8AA-4157-9DE4-3A677014FA54}.Release|Any CPU.Build.0 = Release|Any CPU
		{E1E46ECB-C8AA-4157-9DE4-3A677014FA54}.Release|Mixed Platforms.ActiveCfg = Release|Any CPU
		{E1E46ECB-C8AA-4157-9DE4-3A677014FA54}.Release|Mixed Platforms.Build.0 = Release|Any CPU
		{C7558DAE-8268-4B38-846E-E05E378BB566}.Debug|.NET.ActiveCfg = Debug|Any CPU
		{C7558DAE-8268-4B38-846E-E05E378BB566}.Debug|.NET.Build.0 = Debug|Any CPU
		{C7558DAE-8268-4B38-846E-E05E378BB566}.Debug|Any CPU.ActiveCfg = Debug|Any CPU
		{C7558DAE-8268-4B38-846E-E05E378BB566}.Debug|Any CPU.Build.0 = Debug|Any CPU
		{C7558DAE-8268-4B38-846E-E05E378BB566}.Debug|Mixed Platforms.ActiveCfg = Debug|Any CPU
		{C7558DAE-8268-4B38-846E-E05E378BB566}.Debug|Mixed Platforms.Build.0 = Debug|Any CPU
		{C7558DAE-8268-4B38-846E-E05E378BB566}.DebugLocal|.NET.ActiveCfg = Debug|Any CPU
		{C7558DAE-8268-4B38-846E-E05E378BB566}.DebugLocal|Any CPU.ActiveCfg = Debug|Any CPU
		{C7558DAE-8268-4B38-846E-E05E378BB566}.DebugLocal|Any CPU.Build.0 = Debug|Any CPU
		{C7558DAE-8268-4B38-846E-E05E378BB566}.DebugLocal|Mixed Platforms.ActiveCfg = Debug|Any CPU
		{C7558DAE-8268-4B38-846E-E05E378BB566}.DebugLocal|Mixed Platforms.Build.0 = Debug|Any CPU
		{C7558DAE-8268-4B38-846E-E05E378BB566}.Production|.NET.ActiveCfg = Release|Any CPU
		{C7558DAE-8268-4B38-846E-E05E378BB566}.Production|Any CPU.ActiveCfg = Release|Any CPU
		{C7558DAE-8268-4B38-846E-E05E378BB566}.Production|Any CPU.Build.0 = Release|Any CPU
		{C7558DAE-8268-4B38-846E-E05E378BB566}.Production|Mixed Platforms.ActiveCfg = Release|Any CPU
		{C7558DAE-8268-4B38-846E-E05E378BB566}.Production|Mixed Platforms.Build.0 = Release|Any CPU
		{C7558DAE-8268-4B38-846E-E05E378BB566}.Release|.NET.ActiveCfg = Release|Any CPU
		{C7558DAE-8268-4B38-846E-E05E378BB566}.Release|Any CPU.ActiveCfg = Release|Any CPU
		{C7558DAE-8268-4B38-846E-E05E378BB566}.Release|Any CPU.Build.0 = Release|Any CPU
		{C7558DAE-8268-4B38-846E-E05E378BB566}.Release|Mixed Platforms.ActiveCfg = Release|Any CPU
		{C7558DAE-8268-4B38-846E-E05E378BB566}.Release|Mixed Platforms.Build.0 = Release|Any CPU
		{5FA12797-3F77-46A5-99AB-E3BA0252ADEE}.Debug|.NET.ActiveCfg = Debug|Any CPU
		{5FA12797-3F77-46A5-99AB-E3BA0252ADEE}.Debug|.NET.Build.0 = Debug|Any CPU
		{5FA12797-3F77-46A5-99AB-E3BA0252ADEE}.Debug|Any CPU.ActiveCfg = Debug|Any CPU
		{5FA12797-3F77-46A5-99AB-E3BA0252ADEE}.Debug|Any CPU.Build.0 = Debug|Any CPU
		{5FA12797-3F77-46A5-99AB-E3BA0252ADEE}.Debug|Mixed Platforms.ActiveCfg = Debug|Any CPU
		{5FA12797-3F77-46A5-99AB-E3BA0252ADEE}.Debug|Mixed Platforms.Build.0 = Debug|Any CPU
		{5FA12797-3F77-46A5-99AB-E3BA0252ADEE}.DebugLocal|.NET.ActiveCfg = Debug|Any CPU
		{5FA12797-3F77-46A5-99AB-E3BA0252ADEE}.DebugLocal|Any CPU.ActiveCfg = Debug|Any CPU
		{5FA12797-3F77-46A5-99AB-E3BA0252ADEE}.DebugLocal|Any CPU.Build.0 = Debug|Any CPU
		{5FA12797-3F77-46A5-99AB-E3BA0252ADEE}.DebugLocal|Mixed Platforms.ActiveCfg = Debug|Any CPU
		{5FA12797-3F77-46A5-99AB-E3BA0252ADEE}.DebugLocal|Mixed Platforms.Build.0 = Debug|Any CPU
		{5FA12797-3F77-46A5-99AB-E3BA0252ADEE}.Production|.NET.ActiveCfg = Debug|Any CPU
		{5FA12797-3F77-46A5-99AB-E3BA0252ADEE}.Production|Any CPU.ActiveCfg = Debug|Any CPU
		{5FA12797-3F77-46A5-99AB-E3BA0252ADEE}.Production|Any CPU.Build.0 = Debug|Any CPU
		{5FA12797-3F77-46A5-99AB-E3BA0252ADEE}.Production|Mixed Platforms.ActiveCfg = Debug|Any CPU
		{5FA12797-3F77-46A5-99AB-E3BA0252ADEE}.Production|Mixed Platforms.Build.0 = Debug|Any CPU
		{5FA12797-3F77-46A5-99AB-E3BA0252ADEE}.Release|.NET.ActiveCfg = Debug|Any CPU
		{5FA12797-3F77-46A5-99AB-E3BA0252ADEE}.Release|Any CPU.ActiveCfg = Debug|Any CPU
		{5FA12797-3F77-46A5-99AB-E3BA0252ADEE}.Release|Any CPU.Build.0 = Debug|Any CPU
		{5FA12797-3F77-46A5-99AB-E3BA0252ADEE}.Release|Mixed Platforms.ActiveCfg = Debug|Any CPU
		{5FA12797-3F77-46A5-99AB-E3BA0252ADEE}.Release|Mixed Platforms.Build.0 = Debug|Any CPU
	EndGlobalSection
	GlobalSection(SolutionProperties) = preSolution
		HideSolutionNode = FALSE
	EndGlobalSection
	GlobalSection(NestedProjects) = preSolution
		{B4AE6A83-9F3A-4DB5-8DE2-BBF8BC2026DA} = {79CC8958-712C-4541-9A7B-3AAD26CED994}
		{565AC784-0EDC-49D2-B832-9665F82FDE35} = {79CC8958-712C-4541-9A7B-3AAD26CED994}
		{A138E78F-9D42-402D-9DEA-F60BA86F70C8} = {79CC8958-712C-4541-9A7B-3AAD26CED994}
		{6AF3F260-D768-431D-B50A-1443AA28D64A} = {79CC8958-712C-4541-9A7B-3AAD26CED994}
		{5FA12797-3F77-46A5-99AB-E3BA0252ADEE} = {79CC8958-712C-4541-9A7B-3AAD26CED994}
		{4C8DB519-5896-48C0-AA47-DC8F2A7620B2} = {B4AE6A83-9F3A-4DB5-8DE2-BBF8BC2026DA}
		{2BC5983E-DE20-49E0-88F4-0BBFB32A91C9} = {B4AE6A83-9F3A-4DB5-8DE2-BBF8BC2026DA}
		{40C725D1-CD89-4347-97EF-DB9A97D6BF54} = {565AC784-0EDC-49D2-B832-9665F82FDE35}
		{B7A963D9-BB0C-4EB3-A700-945B03FCC4D0} = {565AC784-0EDC-49D2-B832-9665F82FDE35}
		{99B88982-1CA3-4824-9F90-7897572CB356} = {6AF3F260-D768-431D-B50A-1443AA28D64A}
		{93941EFA-C231-4F3F-B883-73EC771AEE4B} = {54F58DC8-703E-4568-805C-418A67416A11}
		{939C9191-0F94-4A1A-9503-7394AB474F5E} = {54F58DC8-703E-4568-805C-418A67416A11}
		{E1E46ECB-C8AA-4157-9DE4-3A677014FA54} = {54F58DC8-703E-4568-805C-418A67416A11}
		{C7558DAE-8268-4B38-846E-E05E378BB566} = {54F58DC8-703E-4568-805C-418A67416A11}
	EndGlobalSection
EndGlobal
